// !$*UTF8*$!
{
	archiveVersion = 1;
	classes = {
	};
	objectVersion = 56;
	objects = {

/* Begin PBXBuildFile section */
		1A8F2F3529CBB77B005F1ADC /* FlowerLand_pet_App.swift in Sources */ = {isa = PBXBuildFile; fileRef = 1A8F2F3429CBB77B005F1ADC /* FlowerLand_pet_App.swift */; };
		1A8F2F3729CBB77B005F1ADC /* HomeView.swift in Sources */ = {isa = PBXBuildFile; fileRef = 1A8F2F3629CBB77B005F1ADC /* HomeView.swift */; };
		1A8F2F3929CBB77E005F1ADC /* Assets.xcassets in Resources */ = {isa = PBXBuildFile; fileRef = 1A8F2F3829CBB77E005F1ADC /* Assets.xcassets */; };
		1A8F2F3C29CBB77E005F1ADC /* Preview Assets.xcassets in Resources */ = {isa = PBXBuildFile; fileRef = 1A8F2F3B29CBB77E005F1ADC /* Preview Assets.xcassets */; };
		1A8F2F4729CBB8EC005F1ADC /* Data.json in Resources */ = {isa = PBXBuildFile; fileRef = 1A8F2F4629CBB8EC005F1ADC /* Data.json */; };
		1A8F2F4929CBB90E005F1ADC /* Flower.swift in Sources */ = {isa = PBXBuildFile; fileRef = 1A8F2F4829CBB90E005F1ADC /* Flower.swift */; };
		1A8F2F4B29CBB9A8005F1ADC /* FlowerModel.swift in Sources */ = {isa = PBXBuildFile; fileRef = 1A8F2F4A29CBB9A8005F1ADC /* FlowerModel.swift */; };
		1A8F2F4D29CBC350005F1ADC /* HomeViewRow.swift in Sources */ = {isa = PBXBuildFile; fileRef = 1A8F2F4C29CBC350005F1ADC /* HomeViewRow.swift */; };
		1A8F2F4F29CBD3D4005F1ADC /* DetailView.swift in Sources */ = {isa = PBXBuildFile; fileRef = 1A8F2F4E29CBD3D4005F1ADC /* DetailView.swift */; };
		1A8F2F5129CCDC24005F1ADC /* ImageSlider.swift in Sources */ = {isa = PBXBuildFile; fileRef = 1A8F2F5029CCDC24005F1ADC /* ImageSlider.swift */; };
		1AFC0E8A29E2378E00F7FACC /* GoogleService-Info.plist in Resources */ = {isa = PBXBuildFile; fileRef = 1AFC0E8929E2378E00F7FACC /* GoogleService-Info.plist */; };
		BA4B0F32CF1E30AD5A7177B6 /* Pods_FlowerLand__pet_.framework in Frameworks */ = {isa = PBXBuildFile; fileRef = 8CE083855B5275CE1117644C /* Pods_FlowerLand__pet_.framework */; };
/* End PBXBuildFile section */

/* Begin PBXFileReference section */
		1A8F2F3129CBB77B005F1ADC /* FlowerLand (pet).app */ = {isa = PBXFileReference; explicitFileType = wrapper.application; includeInIndex = 0; path = "FlowerLand (pet).app"; sourceTree = BUILT_PRODUCTS_DIR; };
		1A8F2F3429CBB77B005F1ADC /* FlowerLand_pet_App.swift */ = {isa = PBXFileReference; lastKnownFileType = sourcecode.swift; path = FlowerLand_pet_App.swift; sourceTree = "<group>"; };
		1A8F2F3629CBB77B005F1ADC /* HomeView.swift */ = {isa = PBXFileReference; lastKnownFileType = sourcecode.swift; path = HomeView.swift; sourceTree = "<group>"; };
		1A8F2F3829CBB77E005F1ADC /* Assets.xcassets */ = {isa = PBXFileReference; lastKnownFileType = folder.assetcatalog; path = Assets.xcassets; sourceTree = "<group>"; };
		1A8F2F3B29CBB77E005F1ADC /* Preview Assets.xcassets */ = {isa = PBXFileReference; lastKnownFileType = folder.assetcatalog; path = "Preview Assets.xcassets"; sourceTree = "<group>"; };
		1A8F2F4629CBB8EC005F1ADC /* Data.json */ = {isa = PBXFileReference; fileEncoding = 4; lastKnownFileType = text.json; name = Data.json; path = ../../../../Downloads/Data.json; sourceTree = "<group>"; };
		1A8F2F4829CBB90E005F1ADC /* Flower.swift */ = {isa = PBXFileReference; lastKnownFileType = sourcecode.swift; path = Flower.swift; sourceTree = "<group>"; };
		1A8F2F4A29CBB9A8005F1ADC /* FlowerModel.swift */ = {isa = PBXFileReference; lastKnownFileType = sourcecode.swift; path = FlowerModel.swift; sourceTree = "<group>"; };
		1A8F2F4C29CBC350005F1ADC /* HomeViewRow.swift */ = {isa = PBXFileReference; lastKnownFileType = sourcecode.swift; path = HomeViewRow.swift; sourceTree = "<group>"; };
		1A8F2F4E29CBD3D4005F1ADC /* DetailView.swift */ = {isa = PBXFileReference; lastKnownFileType = sourcecode.swift; path = DetailView.swift; sourceTree = "<group>"; };
		1A8F2F5029CCDC24005F1ADC /* ImageSlider.swift */ = {isa = PBXFileReference; lastKnownFileType = sourcecode.swift; path = ImageSlider.swift; sourceTree = "<group>"; };
		1AFC0E8929E2378E00F7FACC /* GoogleService-Info.plist */ = {isa = PBXFileReference; fileEncoding = 4; lastKnownFileType = text.plist.xml; path = "GoogleService-Info.plist"; sourceTree = "<group>"; };
		5A15C076CA22808CBD2E25CA /* Pods-FlowerLand (pet).debug.xcconfig */ = {isa = PBXFileReference; includeInIndex = 1; lastKnownFileType = text.xcconfig; name = "Pods-FlowerLand (pet).debug.xcconfig"; path = "Target Support Files/Pods-FlowerLand (pet)/Pods-FlowerLand (pet).debug.xcconfig"; sourceTree = "<group>"; };
		8CE083855B5275CE1117644C /* Pods_FlowerLand__pet_.framework */ = {isa = PBXFileReference; explicitFileType = wrapper.framework; includeInIndex = 0; path = Pods_FlowerLand__pet_.framework; sourceTree = BUILT_PRODUCTS_DIR; };
		92C7F13951BD355B145FD0E4 /* Pods-FlowerLand (pet).release.xcconfig */ = {isa = PBXFileReference; includeInIndex = 1; lastKnownFileType = text.xcconfig; name = "Pods-FlowerLand (pet).release.xcconfig"; path = "Target Support Files/Pods-FlowerLand (pet)/Pods-FlowerLand (pet).release.xcconfig"; sourceTree = "<group>"; };
/* End PBXFileReference section */

/* Begin PBXFrameworksBuildPhase section */
		1A8F2F2E29CBB77B005F1ADC /* Frameworks */ = {
			isa = PBXFrameworksBuildPhase;
			buildActionMask = 2147483647;
			files = (
				BA4B0F32CF1E30AD5A7177B6 /* Pods_FlowerLand__pet_.framework in Frameworks */,
			);
			runOnlyForDeploymentPostprocessing = 0;
		};
/* End PBXFrameworksBuildPhase section */

/* Begin PBXGroup section */
		1A8F2F2829CBB77B005F1ADC = {
			isa = PBXGroup;
			children = (
				1A8F2F3329CBB77B005F1ADC /* FlowerLand (pet) */,
				1AFC0E8929E2378E00F7FACC /* GoogleService-Info.plist */,
				1A8F2F3229CBB77B005F1ADC /* Products */,
				1D3C8065132BB614F15A77CF /* Pods */,
				B086E4CE445B95515599B49A /* Frameworks */,
			);
			sourceTree = "<group>";
		};
		1A8F2F3229CBB77B005F1ADC /* Products */ = {
			isa = PBXGroup;
			children = (
				1A8F2F3129CBB77B005F1ADC /* FlowerLand (pet).app */,
			);
			name = Products;
			sourceTree = "<group>";
		};
		1A8F2F3329CBB77B005F1ADC /* FlowerLand (pet) */ = {
			isa = PBXGroup;
			children = (
				1A8F2F3429CBB77B005F1ADC /* FlowerLand_pet_App.swift */,
				1A8F2F4229CBB7BF005F1ADC /* Views */,
				1A8F2F4329CBB7C5005F1ADC /* ViewModels */,
				1A8F2F4429CBB7CE005F1ADC /* Models */,
				1A8F2F4529CBB7D4005F1ADC /* Data */,
				1A8F2F3829CBB77E005F1ADC /* Assets.xcassets */,
				1A8F2F3A29CBB77E005F1ADC /* Preview Content */,
			);
			path = "FlowerLand (pet)";
			sourceTree = "<group>";
		};
		1A8F2F3A29CBB77E005F1ADC /* Preview Content */ = {
			isa = PBXGroup;
			children = (
				1A8F2F3B29CBB77E005F1ADC /* Preview Assets.xcassets */,
			);
			path = "Preview Content";
			sourceTree = "<group>";
		};
		1A8F2F4229CBB7BF005F1ADC /* Views */ = {
			isa = PBXGroup;
			children = (
				1A8F2F3629CBB77B005F1ADC /* HomeView.swift */,
				1A8F2F4C29CBC350005F1ADC /* HomeViewRow.swift */,
				1A8F2F4E29CBD3D4005F1ADC /* DetailView.swift */,
				1A8F2F5029CCDC24005F1ADC /* ImageSlider.swift */,
			);
			path = Views;
			sourceTree = "<group>";
		};
		1A8F2F4329CBB7C5005F1ADC /* ViewModels */ = {
			isa = PBXGroup;
			children = (
				1A8F2F4A29CBB9A8005F1ADC /* FlowerModel.swift */,
			);
			path = ViewModels;
			sourceTree = "<group>";
		};
		1A8F2F4429CBB7CE005F1ADC /* Models */ = {
			isa = PBXGroup;
			children = (
				1A8F2F4829CBB90E005F1ADC /* Flower.swift */,
			);
			path = Models;
			sourceTree = "<group>";
		};
		1A8F2F4529CBB7D4005F1ADC /* Data */ = {
			isa = PBXGroup;
			children = (
				1A8F2F4629CBB8EC005F1ADC /* Data.json */,
			);
			path = Data;
			sourceTree = "<group>";
		};
		1D3C8065132BB614F15A77CF /* Pods */ = {
			isa = PBXGroup;
			children = (
				5A15C076CA22808CBD2E25CA /* Pods-FlowerLand (pet).debug.xcconfig */,
				92C7F13951BD355B145FD0E4 /* Pods-FlowerLand (pet).release.xcconfig */,
			);
			path = Pods;
			sourceTree = "<group>";
		};
		B086E4CE445B95515599B49A /* Frameworks */ = {
			isa = PBXGroup;
			children = (
				8CE083855B5275CE1117644C /* Pods_FlowerLand__pet_.framework */,
			);
			name = Frameworks;
			sourceTree = "<group>";
		};
/* End PBXGroup section */

/* Begin PBXNativeTarget section */
		1A8F2F3029CBB77B005F1ADC /* FlowerLand (pet) */ = {
			isa = PBXNativeTarget;
			buildConfigurationList = 1A8F2F3F29CBB77E005F1ADC /* Build configuration list for PBXNativeTarget "FlowerLand (pet)" */;
			buildPhases = (
				876CB3FEF635DC2191083E64 /* [CP] Check Pods Manifest.lock */,
				1A8F2F2D29CBB77B005F1ADC /* Sources */,
				1A8F2F2E29CBB77B005F1ADC /* Frameworks */,
				1A8F2F2F29CBB77B005F1ADC /* Resources */,
				23E5595E7E0BCD769CD792CC /* [CP] Embed Pods Frameworks */,
			);
			buildRules = (
			);
			dependencies = (
			);
			name = "FlowerLand (pet)";
			productName = "FlowerLand (pet)";
			productReference = 1A8F2F3129CBB77B005F1ADC /* FlowerLand (pet).app */;
			productType = "com.apple.product-type.application";
		};
/* End PBXNativeTarget section */

/* Begin PBXProject section */
		1A8F2F2929CBB77B005F1ADC /* Project object */ = {
			isa = PBXProject;
			attributes = {
				BuildIndependentTargetsInParallel = 1;
				LastSwiftUpdateCheck = 1420;
				LastUpgradeCheck = 1420;
				TargetAttributes = {
					1A8F2F3029CBB77B005F1ADC = {
						CreatedOnToolsVersion = 14.2;
					};
				};
			};
			buildConfigurationList = 1A8F2F2C29CBB77B005F1ADC /* Build configuration list for PBXProject "FlowerLand (pet)" */;
			compatibilityVersion = "Xcode 14.0";
			developmentRegion = en;
			hasScannedForEncodings = 0;
			knownRegions = (
				en,
				Base,
			);
			mainGroup = 1A8F2F2829CBB77B005F1ADC;
			productRefGroup = 1A8F2F3229CBB77B005F1ADC /* Products */;
			projectDirPath = "";
			projectRoot = "";
			targets = (
				1A8F2F3029CBB77B005F1ADC /* FlowerLand (pet) */,
			);
		};
/* End PBXProject section */

/* Begin PBXResourcesBuildPhase section */
		1A8F2F2F29CBB77B005F1ADC /* Resources */ = {
			isa = PBXResourcesBuildPhase;
			buildActionMask = 2147483647;
			files = (
				1A8F2F3C29CBB77E005F1ADC /* Preview Assets.xcassets in Resources */,
				1AFC0E8A29E2378E00F7FACC /* GoogleService-Info.plist in Resources */,
				1A8F2F3929CBB77E005F1ADC /* Assets.xcassets in Resources */,
				1A8F2F4729CBB8EC005F1ADC /* Data.json in Resources */,
			);
			runOnlyForDeploymentPostprocessing = 0;
		};
/* End PBXResourcesBuildPhase section */

/* Begin PBXShellScriptBuildPhase section */
		23E5595E7E0BCD769CD792CC /* [CP] Embed Pods Frameworks */ = {
			isa = PBXShellScriptBuildPhase;
			buildActionMask = 2147483647;
			files = (
			);
			inputFileListPaths = (
				"${PODS_ROOT}/Target Support Files/Pods-FlowerLand (pet)/Pods-FlowerLand (pet)-frameworks-${CONFIGURATION}-input-files.xcfilelist",
			);
			name = "[CP] Embed Pods Frameworks";
			outputFileListPaths = (
				"${PODS_ROOT}/Target Support Files/Pods-FlowerLand (pet)/Pods-FlowerLand (pet)-frameworks-${CONFIGURATION}-output-files.xcfilelist",
			);
			runOnlyForDeploymentPostprocessing = 0;
			shellPath = /bin/sh;
			shellScript = "\"${PODS_ROOT}/Target Support Files/Pods-FlowerLand (pet)/Pods-FlowerLand (pet)-frameworks.sh\"\n";
			showEnvVarsInLog = 0;
		};
		876CB3FEF635DC2191083E64 /* [CP] Check Pods Manifest.lock */ = {
			isa = PBXShellScriptBuildPhase;
			buildActionMask = 2147483647;
			files = (
			);
			inputFileListPaths = (
			);
			inputPaths = (
				"${PODS_PODFILE_DIR_PATH}/Podfile.lock",
				"${PODS_ROOT}/Manifest.lock",
			);
			name = "[CP] Check Pods Manifest.lock";
			outputFileListPaths = (
			);
			outputPaths = (
				"$(DERIVED_FILE_DIR)/Pods-FlowerLand (pet)-checkManifestLockResult.txt",
			);
			runOnlyForDeploymentPostprocessing = 0;
			shellPath = /bin/sh;
			shellScript = "diff \"${PODS_PODFILE_DIR_PATH}/Podfile.lock\" \"${PODS_ROOT}/Manifest.lock\" > /dev/null\nif [ $? != 0 ] ; then\n    # print error to STDERR\n    echo \"error: The sandbox is not in sync with the Podfile.lock. Run 'pod install' or update your CocoaPods installation.\" >&2\n    exit 1\nfi\n# This output is used by Xcode 'outputs' to avoid re-running this script phase.\necho \"SUCCESS\" > \"${SCRIPT_OUTPUT_FILE_0}\"\n";
			showEnvVarsInLog = 0;
		};
/* End PBXShellScriptBuildPhase section */

/* Begin PBXSourcesBuildPhase section */
		1A8F2F2D29CBB77B005F1ADC /* Sources */ = {
			isa = PBXSourcesBuildPhase;
			buildActionMask = 2147483647;
			files = (
				1A8F2F4B29CBB9A8005F1ADC /* FlowerModel.swift in Sources */,
				1A8F2F5129CCDC24005F1ADC /* ImageSlider.swift in Sources */,
				1A8F2F4F29CBD3D4005F1ADC /* DetailView.swift in Sources */,
				1A8F2F4D29CBC350005F1ADC /* HomeViewRow.swift in Sources */,
				1A8F2F3729CBB77B005F1ADC /* HomeView.swift in Sources */,
				1A8F2F3529CBB77B005F1ADC /* FlowerLand_pet_App.swift in Sources */,
				1A8F2F4929CBB90E005F1ADC /* Flower.swift in Sources */,
			);
			runOnlyForDeploymentPostprocessing = 0;
		};
/* End PBXSourcesBuildPhase section */

/* Begin XCBuildConfiguration section */
		1A8F2F3D29CBB77E005F1ADC /* Debug */ = {
			isa = XCBuildConfiguration;
			buildSettings = {
				ALWAYS_SEARCH_USER_PATHS = NO;
				CLANG_ANALYZER_NONNULL = YES;
				CLANG_ANALYZER_NUMBER_OBJECT_CONVERSION = YES_AGGRESSIVE;
				CLANG_CXX_LANGUAGE_STANDARD = "gnu++20";
				CLANG_ENABLE_MODULES = YES;
				CLANG_ENABLE_OBJC_ARC = YES;
				CLANG_ENABLE_OBJC_WEAK = YES;
				CLANG_WARN_BLOCK_CAPTURE_AUTORELEASING = YES;
				CLANG_WARN_BOOL_CONVERSION = YES;
				CLANG_WARN_COMMA = YES;
				CLANG_WARN_CONSTANT_CONVERSION = YES;
				CLANG_WARN_DEPRECATED_OBJC_IMPLEMENTATIONS = YES;
				CLANG_WARN_DIRECT_OBJC_ISA_USAGE = YES_ERROR;
				CLANG_WARN_DOCUMENTATION_COMMENTS = YES;
				CLANG_WARN_EMPTY_BODY = YES;
				CLANG_WARN_ENUM_CONVERSION = YES;
				CLANG_WARN_INFINITE_RECURSION = YES;
				CLANG_WARN_INT_CONVERSION = YES;
				CLANG_WARN_NON_LITERAL_NULL_CONVERSION = YES;
				CLANG_WARN_OBJC_IMPLICIT_RETAIN_SELF = YES;
				CLANG_WARN_OBJC_LITERAL_CONVERSION = YES;
				CLANG_WARN_OBJC_ROOT_CLASS = YES_ERROR;
				CLANG_WARN_QUOTED_INCLUDE_IN_FRAMEWORK_HEADER = YES;
				CLANG_WARN_RANGE_LOOP_ANALYSIS = YES;
				CLANG_WARN_STRICT_PROTOTYPES = YES;
				CLANG_WARN_SUSPICIOUS_MOVE = YES;
				CLANG_WARN_UNGUARDED_AVAILABILITY = YES_AGGRESSIVE;
				CLANG_WARN_UNREACHABLE_CODE = YES;
				CLANG_WARN__DUPLICATE_METHOD_MATCH = YES;
				COPY_PHASE_STRIP = NO;
				DEBUG_INFORMATION_FORMAT = dwarf;
				ENABLE_STRICT_OBJC_MSGSEND = YES;
				ENABLE_TESTABILITY = YES;
				GCC_C_LANGUAGE_STANDARD = gnu11;
				GCC_DYNAMIC_NO_PIC = NO;
				GCC_NO_COMMON_BLOCKS = YES;
				GCC_OPTIMIZATION_LEVEL = 0;
				GCC_PREPROCESSOR_DEFINITIONS = (
					"DEBUG=1",
					"$(inherited)",
				);
				GCC_WARN_64_TO_32_BIT_CONVERSION = YES;
				GCC_WARN_ABOUT_RETURN_TYPE = YES_ERROR;
				GCC_WARN_UNDECLARED_SELECTOR = YES;
				GCC_WARN_UNINITIALIZED_AUTOS = YES_AGGRESSIVE;
				GCC_WARN_UNUSED_FUNCTION = YES;
				GCC_WARN_UNUSED_VARIABLE = YES;
				IPHONEOS_DEPLOYMENT_TARGET = 16.2;
				MTL_ENABLE_DEBUG_INFO = INCLUDE_SOURCE;
				MTL_FAST_MATH = YES;
				ONLY_ACTIVE_ARCH = YES;
				SDKROOT = iphoneos;
				SWIFT_ACTIVE_COMPILATION_CONDITIONS = DEBUG;
				SWIFT_OPTIMIZATION_LEVEL = "-Onone";
			};
			name = Debug;
		};
		1A8F2F3E29CBB77E005F1ADC /* Release */ = {
			isa = XCBuildConfiguration;
			buildSettings = {
				ALWAYS_SEARCH_USER_PATHS = NO;
				CLANG_ANALYZER_NONNULL = YES;
				CLANG_ANALYZER_NUMBER_OBJECT_CONVERSION = YES_AGGRESSIVE;
				CLANG_CXX_LANGUAGE_STANDARD = "gnu++20";
				CLANG_ENABLE_MODULES = YES;
				CLANG_ENABLE_OBJC_ARC = YES;
				CLANG_ENABLE_OBJC_WEAK = YES;
				CLANG_WARN_BLOCK_CAPTURE_AUTORELEASING = YES;
				CLANG_WARN_BOOL_CONVERSION = YES;
				CLANG_WARN_COMMA = YES;
				CLANG_WARN_CONSTANT_CONVERSION = YES;
				CLANG_WARN_DEPRECATED_OBJC_IMPLEMENTATIONS = YES;
				CLANG_WARN_DIRECT_OBJC_ISA_USAGE = YES_ERROR;
				CLANG_WARN_DOCUMENTATION_COMMENTS = YES;
				CLANG_WARN_EMPTY_BODY = YES;
				CLANG_WARN_ENUM_CONVERSION = YES;
				CLANG_WARN_INFINITE_RECURSION = YES;
				CLANG_WARN_INT_CONVERSION = YES;
				CLANG_WARN_NON_LITERAL_NULL_CONVERSION = YES;
				CLANG_WARN_OBJC_IMPLICIT_RETAIN_SELF = YES;
				CLANG_WARN_OBJC_LITERAL_CONVERSION = YES;
				CLANG_WARN_OBJC_ROOT_CLASS = YES_ERROR;
				CLANG_WARN_QUOTED_INCLUDE_IN_FRAMEWORK_HEADER = YES;
				CLANG_WARN_RANGE_LOOP_ANALYSIS = YES;
				CLANG_WARN_STRICT_PROTOTYPES = YES;
				CLANG_WARN_SUSPICIOUS_MOVE = YES;
				CLANG_WARN_UNGUARDED_AVAILABILITY = YES_AGGRESSIVE;
				CLANG_WARN_UNREACHABLE_CODE = YES;
				CLANG_WARN__DUPLICATE_METHOD_MATCH = YES;
				COPY_PHASE_STRIP = NO;
				DEBUG_INFORMATION_FORMAT = "dwarf-with-dsym";
				ENABLE_NS_ASSERTIONS = NO;
				ENABLE_STRICT_OBJC_MSGSEND = YES;
				GCC_C_LANGUAGE_STANDARD = gnu11;
				GCC_NO_COMMON_BLOCKS = YES;
				GCC_WARN_64_TO_32_BIT_CONVERSION = YES;
				GCC_WARN_ABOUT_RETURN_TYPE = YES_ERROR;
				GCC_WARN_UNDECLARED_SELECTOR = YES;
				GCC_WARN_UNINITIALIZED_AUTOS = YES_AGGRESSIVE;
				GCC_WARN_UNUSED_FUNCTION = YES;
				GCC_WARN_UNUSED_VARIABLE = YES;
				IPHONEOS_DEPLOYMENT_TARGET = 16.2;
				MTL_ENABLE_DEBUG_INFO = NO;
				MTL_FAST_MATH = YES;
				SDKROOT = iphoneos;
				SWIFT_COMPILATION_MODE = wholemodule;
				SWIFT_OPTIMIZATION_LEVEL = "-O";
				VALIDATE_PRODUCT = YES;
			};
			name = Release;
		};
		1A8F2F4029CBB77E005F1ADC /* Debug */ = {
			isa = XCBuildConfiguration;
			baseConfigurationReference = 5A15C076CA22808CBD2E25CA /* Pods-FlowerLand (pet).debug.xcconfig */;
			buildSettings = {
				ASSETCATALOG_COMPILER_APPICON_NAME = AppIcon;
				ASSETCATALOG_COMPILER_GLOBAL_ACCENT_COLOR_NAME = AccentColor;
				CODE_SIGN_STYLE = Automatic;
				CURRENT_PROJECT_VERSION = 1;
				DEVELOPMENT_ASSET_PATHS = "\"FlowerLand (pet)/Preview Content\"";
				DEVELOPMENT_TEAM = Y965A522N6;
				ENABLE_PREVIEWS = YES;
				GENERATE_INFOPLIST_FILE = YES;
				INFOPLIST_KEY_UIApplicationSceneManifest_Generation = YES;
				INFOPLIST_KEY_UIApplicationSupportsIndirectInputEvents = YES;
				INFOPLIST_KEY_UILaunchScreen_Generation = YES;
				INFOPLIST_KEY_UISupportedInterfaceOrientations_iPad = "UIInterfaceOrientationPortrait UIInterfaceOrientationPortraitUpsideDown UIInterfaceOrientationLandscapeLeft UIInterfaceOrientationLandscapeRight";
				INFOPLIST_KEY_UISupportedInterfaceOrientations_iPhone = "UIInterfaceOrientationPortrait UIInterfaceOrientationLandscapeLeft UIInterfaceOrientationLandscapeRight";
				LD_RUNPATH_SEARCH_PATHS = (
					"$(inherited)",
					"@executable_path/Frameworks",
				);
				MARKETING_VERSION = 1.0;
				PRODUCT_BUNDLE_IDENTIFIER = "aolehno.FlowerLand--pet-";
				PRODUCT_NAME = "$(TARGET_NAME)";
				SWIFT_EMIT_LOC_STRINGS = YES;
				SWIFT_VERSION = 5.0;
				TARGETED_DEVICE_FAMILY = "1,2";
			};
			name = Debug;
		};
		1A8F2F4129CBB77E005F1ADC /* Release */ = {
			isa = XCBuildConfiguration;
			baseConfigurationReference = 92C7F13951BD355B145FD0E4 /* Pods-FlowerLand (pet).release.xcconfig */;
			buildSettings = {
				ASSETCATALOG_COMPILER_APPICON_NAME = AppIcon;
				ASSETCATALOG_COMPILER_GLOBAL_ACCENT_COLOR_NAME = AccentColor;
				CODE_SIGN_STYLE = Automatic;
				CURRENT_PROJECT_VERSION = 1;
				DEVELOPMENT_ASSET_PATHS = "\"FlowerLand (pet)/Preview Content\"";
				DEVELOPMENT_TEAM = Y965A522N6;
				ENABLE_PREVIEWS = YES;
				GENERATE_INFOPLIST_FILE = YES;
				INFOPLIST_KEY_UIApplicationSceneManifest_Generation = YES;
				INFOPLIST_KEY_UIApplicationSupportsIndirectInputEvents = YES;
				INFOPLIST_KEY_UILaunchScreen_Generation = YES;
				INFOPLIST_KEY_UISupportedInterfaceOrientations_iPad = "UIInterfaceOrientationPortrait UIInterfaceOrientationPortraitUpsideDown UIInterfaceOrientationLandscapeLeft UIInterfaceOrientationLandscapeRight";
				INFOPLIST_KEY_UISupportedInterfaceOrientations_iPhone = "UIInterfaceOrientationPortrait UIInterfaceOrientationLandscapeLeft UIInterfaceOrientationLandscapeRight";
				LD_RUNPATH_SEARCH_PATHS = (
					"$(inherited)",
					"@executable_path/Frameworks",
				);
				MARKETING_VERSION = 1.0;
				PRODUCT_BUNDLE_IDENTIFIER = "aolehno.FlowerLand--pet-";
				PRODUCT_NAME = "$(TARGET_NAME)";
				SWIFT_EMIT_LOC_STRINGS = YES;
				SWIFT_VERSION = 5.0;
				TARGETED_DEVICE_FAMILY = "1,2";
			};
			name = Release;
		};
/* End XCBuildConfiguration section */

/* Begin XCConfigurationList section */
		1A8F2F2C29CBB77B005F1ADC /* Build configuration list for PBXProject "FlowerLand (pet)" */ = {
			isa = XCConfigurationList;
			buildConfigurations = (
				1A8F2F3D29CBB77E005F1ADC /* Debug */,
				1A8F2F3E29CBB77E005F1ADC /* Release */,
			);
			defaultConfigurationIsVisible = 0;
			defaultConfigurationName = Release;
		};
		1A8F2F3F29CBB77E005F1ADC /* Build configuration list for PBXNativeTarget "FlowerLand (pet)" */ = {
			isa = XCConfigurationList;
			buildConfigurations = (
				1A8F2F4029CBB77E005F1ADC /* Debug */,
				1A8F2F4129CBB77E005F1ADC /* Release */,
			);
			defaultConfigurationIsVisible = 0;
			defaultConfigurationName = Release;
		};
/* End XCConfigurationList section */
	};
	rootObject = 1A8F2F2929CBB77B005F1ADC /* Project object */;
}
